
Microsoft Visual Studio Solution File, Format Version 12.00
# Visual Studio Version 17
VisualStudioVersion = 17.0.31912.275
MinimumVisualStudioVersion = 10.0.40219.1
Project("{FAE04EC0-301F-11D3-BF4B-00C04F79EFBC}") = "WebStoreProject.Server", "Server\WebStoreProject.Server.csproj", "{A87ACE28-2A6A-4DE9-ABAC-8FF28A7517C3}"
EndProject
Project("{FAE04EC0-301F-11D3-BF4B-00C04F79EFBC}") = "WebStoreProject.Client", "Client\WebStoreProject.Client.csproj", "{C07724F2-B85F-44E4-8AE9-7E73E372DF79}"
EndProject
Project("{FAE04EC0-301F-11D3-BF4B-00C04F79EFBC}") = "WebStoreProject.Shared", "Shared\WebStoreProject.Shared.csproj", "{1B6DFFE2-8B38-49B5-BFE7-E8E58D6D97F8}"
EndProject
Global
	GlobalSection(SolutionConfigurationPlatforms) = preSolution
		Debug|Any CPU = Debug|Any CPU
		Release|Any CPU = Release|Any CPU
	EndGlobalSection
	GlobalSection(ProjectConfigurationPlatforms) = postSolution
		{A87ACE28-2A6A-4DE9-ABAC-8FF28A7517C3}.Debug|Any CPU.ActiveCfg = Debug|Any CPU
		{A87ACE28-2A6A-4DE9-ABAC-8FF28A7517C3}.Debug|Any CPU.Build.0 = Debug|Any CPU
		{A87ACE28-2A6A-4DE9-ABAC-8FF28A7517C3}.Release|Any CPU.ActiveCfg = Release|Any CPU
		{A87ACE28-2A6A-4DE9-ABAC-8FF28A7517C3}.Release|Any CPU.Build.0 = Release|Any CPU
		{C07724F2-B85F-44E4-8AE9-7E73E372DF79}.Debug|Any CPU.ActiveCfg = Debug|Any CPU
		{C07724F2-B85F-44E4-8AE9-7E73E372DF79}.Debug|Any CPU.Build.0 = Debug|Any CPU
		{C07724F2-B85F-44E4-8AE9-7E73E372DF79}.Release|Any CPU.ActiveCfg = Release|Any CPU
		{C07724F2-B85F-44E4-8AE9-7E73E372DF79}.Release|Any CPU.Build.0 = Release|Any CPU
		{1B6DFFE2-8B38-49B5-BFE7-E8E58D6D97F8}.Debug|Any CPU.ActiveCfg = Debug|Any CPU
		{1B6DFFE2-8B38-49B5-BFE7-E8E58D6D97F8}.Debug|Any CPU.Build.0 = Debug|Any CPU
		{1B6DFFE2-8B38-49B5-BFE7-E8E58D6D97F8}.Release|Any CPU.ActiveCfg = Release|Any CPU
		{1B6DFFE2-8B38-49B5-BFE7-E8E58D6D97F8}.Release|Any CPU.Build.0 = Release|Any CPU
	EndGlobalSection
	GlobalSection(SolutionProperties) = preSolution
		HideSolutionNode = FALSE
	EndGlobalSection
	GlobalSection(ExtensibilityGlobals) = postSolution
		SolutionGuid = {DCD92FBC-9E10-4222-ABCE-7ABD3A21A24E}
	EndGlobalSection
EndGlobal
